
Microsoft Visual Studio Solution File, Format Version 12.00
# Visual Studio Version 17
VisualStudioVersion = 17.6.33829.357
MinimumVisualStudioVersion = 10.0.40219.1
Project("{FAE04EC0-301F-11D3-BF4B-00C04F79EFBC}") = "AP_PRO2TS2324PE", "AP_PRO2TS2324PE\AP_PRO2TS2324PE.csproj", "{6F1D2605-DD2D-4FCF-B43F-CD93783501EB}"
EndProject
Global
	GlobalSection(SolutionConfigurationPlatforms) = preSolution
		Debug|Any CPU = Debug|Any CPU
		Release|Any CPU = Release|Any CPU
	EndGlobalSection
	GlobalSection(ProjectConfigurationPlatforms) = postSolution
		{6F1D2605-DD2D-4FCF-B43F-CD93783501EB}.Debug|Any CPU.ActiveCfg = Debug|Any CPU
		{6F1D2605-DD2D-4FCF-B43F-CD93783501EB}.Debug|Any CPU.Build.0 = Debug|Any CPU
		{6F1D2605-DD2D-4FCF-B43F-CD93783501EB}.Release|Any CPU.ActiveCfg = Release|Any CPU
		{6F1D2605-DD2D-4FCF-B43F-CD93783501EB}.Release|Any CPU.Build.0 = Release|Any CPU
	EndGlobalSection
	GlobalSection(SolutionProperties) = preSolution
		HideSolutionNode = FALSE
	EndGlobalSection
	GlobalSection(ExtensibilityGlobals) = postSolution
		SolutionGuid = {D33DAFBB-73CC-4E5A-A309-7C92C7D822B6}
	EndGlobalSection
EndGlobal
